
Microsoft Visual Studio Solution File, Format Version 12.00
# Visual Studio Version 16
VisualStudioVersion = 16.0.30503.244
MinimumVisualStudioVersion = 10.0.40219.1
Project("{FAE04EC0-301F-11D3-BF4B-00C04F79EFBC}") = "WebAssemblyTest", "WebAssemblyTest.csproj", "{6838A412-41F9-422D-A367-E51195BC09EB}"
EndProject
Global
	GlobalSection(SolutionConfigurationPlatforms) = preSolution
		Debug|Any CPU = Debug|Any CPU
		Release|Any CPU = Release|Any CPU
	EndGlobalSection
	GlobalSection(ProjectConfigurationPlatforms) = postSolution
		{6838A412-41F9-422D-A367-E51195BC09EB}.Debug|Any CPU.ActiveCfg = Debug|Any CPU
		{6838A412-41F9-422D-A367-E51195BC09EB}.Debug|Any CPU.Build.0 = Debug|Any CPU
		{6838A412-41F9-422D-A367-E51195BC09EB}.Release|Any CPU.ActiveCfg = Release|Any CPU
		{6838A412-41F9-422D-A367-E51195BC09EB}.Release|Any CPU.Build.0 = Release|Any CPU
	EndGlobalSection
	GlobalSection(SolutionProperties) = preSolution
		HideSolutionNode = FALSE
	EndGlobalSection
	GlobalSection(ExtensibilityGlobals) = postSolution
		SolutionGuid = {A994A887-36B0-4338-984C-17EE831CBD31}
	EndGlobalSection
EndGlobal
